
Microsoft Visual Studio Solution File, Format Version 12.00
# Visual Studio Version 16
VisualStudioVersion = 16.0.32510.428
MinimumVisualStudioVersion = 10.0.40219.1
Project("{8BC9CEB8-8B4A-11D0-8D11-00A0C91BC942}") = "EmployeesDIR-Core", "EmployeesDIR-Core.vcxproj", "{47A9A301-7647-4EEF-8671-F1E95F01D9F7}"
EndProject
Global
	GlobalSection(SolutionConfigurationPlatforms) = preSolution
		Debug|x64 = Debug|x64
		Release|x64 = Release|x64
	EndGlobalSection
	GlobalSection(ProjectConfigurationPlatforms) = postSolution
		{47A9A301-7647-4EEF-8671-F1E95F01D9F7}.Debug|x64.ActiveCfg = Debug|x64
		{47A9A301-7647-4EEF-8671-F1E95F01D9F7}.Debug|x64.Build.0 = Debug|x64
		{47A9A301-7647-4EEF-8671-F1E95F01D9F7}.Release|x64.ActiveCfg = Release|x64
		{47A9A301-7647-4EEF-8671-F1E95F01D9F7}.Release|x64.Build.0 = Release|x64
	EndGlobalSection
	GlobalSection(SolutionProperties) = preSolution
		HideSolutionNode = FALSE
	EndGlobalSection
	GlobalSection(ExtensibilityGlobals) = postSolution
		SolutionGuid = {F7583A1C-0196-4E85-840F-33ECB41BE860}
	EndGlobalSection
EndGlobal
